
Microsoft Visual Studio Solution File, Format Version 12.00
# Visual Studio 2013
VisualStudioVersion = 12.0.30501.0
MinimumVisualStudioVersion = 10.0.40219.1
Project("{9092AA53-FB77-4645-B42D-1CCCA6BD08BD}") = "SoloQueue", "SoloQueue.njsproj", "{CF73FAA3-0B8E-4CBF-B9B1-D32432C50EAF}"
EndProject
Global
	GlobalSection(SolutionConfigurationPlatforms) = preSolution
		Debug|Any CPU = Debug|Any CPU
		Release|Any CPU = Release|Any CPU
	EndGlobalSection
	GlobalSection(ProjectConfigurationPlatforms) = postSolution
		{CF73FAA3-0B8E-4CBF-B9B1-D32432C50EAF}.Debug|Any CPU.ActiveCfg = Debug|Any CPU
		{CF73FAA3-0B8E-4CBF-B9B1-D32432C50EAF}.Debug|Any CPU.Build.0 = Debug|Any CPU
		{CF73FAA3-0B8E-4CBF-B9B1-D32432C50EAF}.Release|Any CPU.ActiveCfg = Release|Any CPU
		{CF73FAA3-0B8E-4CBF-B9B1-D32432C50EAF}.Release|Any CPU.Build.0 = Release|Any CPU
	EndGlobalSection
	GlobalSection(SolutionProperties) = preSolution
		HideSolutionNode = FALSE
	EndGlobalSection
EndGlobal
